
Microsoft Visual Studio Solution File, Format Version 12.00
# Visual Studio Version 16
VisualStudioVersion = 16.0.29519.87
MinimumVisualStudioVersion = 10.0.40219.1
Project("{8BC9CEB8-8B4A-11D0-8D11-00A0C91BC942}") = "testGame1", "testGame1\testGame1.vcxproj", "{D8501D66-7006-4D00-A3B9-7A43DEB5088E}"
EndProject
Global
	GlobalSection(SolutionConfigurationPlatforms) = preSolution
		Debug|x64 = Debug|x64
		Debug|x86 = Debug|x86
		Release|x64 = Release|x64
		Release|x86 = Release|x86
	EndGlobalSection
	GlobalSection(ProjectConfigurationPlatforms) = postSolution
		{D8501D66-7006-4D00-A3B9-7A43DEB5088E}.Debug|x64.ActiveCfg = Debug|x64
		{D8501D66-7006-4D00-A3B9-7A43DEB5088E}.Debug|x64.Build.0 = Debug|x64
		{D8501D66-7006-4D00-A3B9-7A43DEB5088E}.Debug|x86.ActiveCfg = Debug|Win32
		{D8501D66-7006-4D00-A3B9-7A43DEB5088E}.Debug|x86.Build.0 = Debug|Win32
		{D8501D66-7006-4D00-A3B9-7A43DEB5088E}.Release|x64.ActiveCfg = Release|x64
		{D8501D66-7006-4D00-A3B9-7A43DEB5088E}.Release|x64.Build.0 = Release|x64
		{D8501D66-7006-4D00-A3B9-7A43DEB5088E}.Release|x86.ActiveCfg = Release|Win32
		{D8501D66-7006-4D00-A3B9-7A43DEB5088E}.Release|x86.Build.0 = Release|Win32
	EndGlobalSection
	GlobalSection(SolutionProperties) = preSolution
		HideSolutionNode = FALSE
	EndGlobalSection
	GlobalSection(ExtensibilityGlobals) = postSolution
		SolutionGuid = {19B5D9F1-D9B6-4B5B-BDED-9B4E00569FF5}
	EndGlobalSection
EndGlobal
